
Microsoft Visual Studio Solution File, Format Version 12.00
# Visual Studio Version 16
VisualStudioVersion = 16.0.31729.503
MinimumVisualStudioVersion = 10.0.40219.1
Project("{9A19103F-16F7-4668-BE54-9A1E7A4F7556}") = "onlinesinavbilgilendirme", "onlinesinavbilgilendirme\onlinesinavbilgilendirme.csproj", "{2B7E0434-0BE7-4564-B302-95549F9D296E}"
EndProject
Project("{FAE04EC0-301F-11D3-BF4B-00C04F79EFBC}") = "onlinesinavbilgilendirme.arkaplan", "onlinesinavbilgilendirme.arkaplan\onlinesinavbilgilendirme.arkaplan.csproj", "{3B3FE61C-CFD7-4E7A-A724-7EDC29D22B83}"
EndProject
Project("{FAE04EC0-301F-11D3-BF4B-00C04F79EFBC}") = "onlinesinavbilgilendirme.core", "onlinesinavbilgilendirme.core\onlinesinavbilgilendirme.core.csproj", "{01FBA2F1-64EF-42B6-8DD3-78812B81A35A}"
EndProject
Global
	GlobalSection(SolutionConfigurationPlatforms) = preSolution
		Debug|Any CPU = Debug|Any CPU
		Release|Any CPU = Release|Any CPU
	EndGlobalSection
	GlobalSection(ProjectConfigurationPlatforms) = postSolution
		{2B7E0434-0BE7-4564-B302-95549F9D296E}.Debug|Any CPU.ActiveCfg = Debug|Any CPU
		{2B7E0434-0BE7-4564-B302-95549F9D296E}.Debug|Any CPU.Build.0 = Debug|Any CPU
		{2B7E0434-0BE7-4564-B302-95549F9D296E}.Release|Any CPU.ActiveCfg = Release|Any CPU
		{2B7E0434-0BE7-4564-B302-95549F9D296E}.Release|Any CPU.Build.0 = Release|Any CPU
		{3B3FE61C-CFD7-4E7A-A724-7EDC29D22B83}.Debug|Any CPU.ActiveCfg = Debug|Any CPU
		{3B3FE61C-CFD7-4E7A-A724-7EDC29D22B83}.Debug|Any CPU.Build.0 = Debug|Any CPU
		{3B3FE61C-CFD7-4E7A-A724-7EDC29D22B83}.Release|Any CPU.ActiveCfg = Release|Any CPU
		{3B3FE61C-CFD7-4E7A-A724-7EDC29D22B83}.Release|Any CPU.Build.0 = Release|Any CPU
		{01FBA2F1-64EF-42B6-8DD3-78812B81A35A}.Debug|Any CPU.ActiveCfg = Debug|Any CPU
		{01FBA2F1-64EF-42B6-8DD3-78812B81A35A}.Debug|Any CPU.Build.0 = Debug|Any CPU
		{01FBA2F1-64EF-42B6-8DD3-78812B81A35A}.Release|Any CPU.ActiveCfg = Release|Any CPU
		{01FBA2F1-64EF-42B6-8DD3-78812B81A35A}.Release|Any CPU.Build.0 = Release|Any CPU
	EndGlobalSection
	GlobalSection(SolutionProperties) = preSolution
		HideSolutionNode = FALSE
	EndGlobalSection
	GlobalSection(ExtensibilityGlobals) = postSolution
		SolutionGuid = {0BF18185-21B0-4964-BE73-2A90708038FA}
	EndGlobalSection
EndGlobal
